
Microsoft Visual Studio Solution File, Format Version 12.00
# Visual Studio Version 16
VisualStudioVersion = 16.0.29409.12
MinimumVisualStudioVersion = 10.0.40219.1
Project("{FAE04EC0-301F-11D3-BF4B-00C04F79EFBC}") = "Core", "Core\Core.csproj", "{01107EEC-3025-47A1-B48B-2835767A7370}"
EndProject
Project("{FAE04EC0-301F-11D3-BF4B-00C04F79EFBC}") = "UnitTests", "UnitTests\UnitTests.csproj", "{F9DA8971-BD93-4528-B928-0DC66FCC714D}"
EndProject
Project("{FAE04EC0-301F-11D3-BF4B-00C04F79EFBC}") = "UI", "UI\UI.csproj", "{BB6F787D-0FB6-4FF7-991E-D9ECD5DBEE96}"
EndProject
Global
	GlobalSection(SolutionConfigurationPlatforms) = preSolution
		Debug|Any CPU = Debug|Any CPU
		Release|Any CPU = Release|Any CPU
	EndGlobalSection
	GlobalSection(ProjectConfigurationPlatforms) = postSolution
		{01107EEC-3025-47A1-B48B-2835767A7370}.Debug|Any CPU.ActiveCfg = Debug|Any CPU
		{01107EEC-3025-47A1-B48B-2835767A7370}.Debug|Any CPU.Build.0 = Debug|Any CPU
		{01107EEC-3025-47A1-B48B-2835767A7370}.Release|Any CPU.ActiveCfg = Release|Any CPU
		{01107EEC-3025-47A1-B48B-2835767A7370}.Release|Any CPU.Build.0 = Release|Any CPU
		{F9DA8971-BD93-4528-B928-0DC66FCC714D}.Debug|Any CPU.ActiveCfg = Debug|Any CPU
		{F9DA8971-BD93-4528-B928-0DC66FCC714D}.Debug|Any CPU.Build.0 = Debug|Any CPU
		{F9DA8971-BD93-4528-B928-0DC66FCC714D}.Release|Any CPU.ActiveCfg = Release|Any CPU
		{F9DA8971-BD93-4528-B928-0DC66FCC714D}.Release|Any CPU.Build.0 = Release|Any CPU
		{BB6F787D-0FB6-4FF7-991E-D9ECD5DBEE96}.Debug|Any CPU.ActiveCfg = Debug|Any CPU
		{BB6F787D-0FB6-4FF7-991E-D9ECD5DBEE96}.Debug|Any CPU.Build.0 = Debug|Any CPU
		{BB6F787D-0FB6-4FF7-991E-D9ECD5DBEE96}.Release|Any CPU.ActiveCfg = Release|Any CPU
		{BB6F787D-0FB6-4FF7-991E-D9ECD5DBEE96}.Release|Any CPU.Build.0 = Release|Any CPU
	EndGlobalSection
	GlobalSection(SolutionProperties) = preSolution
		HideSolutionNode = FALSE
	EndGlobalSection
	GlobalSection(ExtensibilityGlobals) = postSolution
		SolutionGuid = {BEB44E47-DD16-4AB7-BED1-97D8B575ABA2}
	EndGlobalSection
EndGlobal
